
Microsoft Visual Studio Solution File, Format Version 12.00
# Visual Studio Version 17
VisualStudioVersion = 17.7.34031.279
MinimumVisualStudioVersion = 10.0.40219.1
Project("{FAE04EC0-301F-11D3-BF4B-00C04F79EFBC}") = "DirFileForEver", "DirFileForEver\DirFileForEver.csproj", "{5F223B44-0AFA-49CD-B280-BEA8716B610B}"
EndProject
Global
	GlobalSection(SolutionConfigurationPlatforms) = preSolution
		Debug|Any CPU = Debug|Any CPU
		Release|Any CPU = Release|Any CPU
	EndGlobalSection
	GlobalSection(ProjectConfigurationPlatforms) = postSolution
		{5F223B44-0AFA-49CD-B280-BEA8716B610B}.Debug|Any CPU.ActiveCfg = Debug|Any CPU
		{5F223B44-0AFA-49CD-B280-BEA8716B610B}.Debug|Any CPU.Build.0 = Debug|Any CPU
		{5F223B44-0AFA-49CD-B280-BEA8716B610B}.Release|Any CPU.ActiveCfg = Release|Any CPU
		{5F223B44-0AFA-49CD-B280-BEA8716B610B}.Release|Any CPU.Build.0 = Release|Any CPU
	EndGlobalSection
	GlobalSection(SolutionProperties) = preSolution
		HideSolutionNode = FALSE
	EndGlobalSection
	GlobalSection(ExtensibilityGlobals) = postSolution
		SolutionGuid = {48B2226B-58C0-4A8C-A444-55FABAD90DCF}
	EndGlobalSection
EndGlobal
